
Microsoft Visual Studio Solution File, Format Version 12.00
# Visual Studio Version 17
VisualStudioVersion = 17.1.32414.318
MinimumVisualStudioVersion = 10.0.40219.1
Project("{2150E333-8FDC-42A3-9474-1A3956D46DE8}") = "Common", "Common", "{3A0D3273-8AB2-4511-B92E-CD112EAC4DE1}"
EndProject
Project("{2150E333-8FDC-42A3-9474-1A3956D46DE8}") = "Data", "Data", "{87DB5C71-F479-48C7-B4FE-F5F0724A410B}"
EndProject
Project("{2150E333-8FDC-42A3-9474-1A3956D46DE8}") = "Services", "Services", "{0AA582E8-E212-463E-BF87-24DFDB50EDA4}"
EndProject
Project("{2150E333-8FDC-42A3-9474-1A3956D46DE8}") = "Tests", "Tests", "{72A1476C-026E-4994-B2A7-71D55B49E2F5}"
EndProject
Project("{2150E333-8FDC-42A3-9474-1A3956D46DE8}") = "UI", "UI", "{1DA625F9-ABE0-4E53-B438-DE07E83956D2}"
EndProject
Project("{9A19103F-16F7-4668-BE54-9A1E7A4F7556}") = "AppDDD.Domain", "Common\AppDDD.Domain\AppDDD.Domain.csproj", "{E581C368-D300-46E3-8E0A-4CFF90E81CA8}"
EndProject
Project("{9A19103F-16F7-4668-BE54-9A1E7A4F7556}") = "AppDDD.Domain.Base", "Common\AppDDD.Domain.Base\AppDDD.Domain.Base.csproj", "{E0B4B7CE-AB69-4D7B-B8BD-DC0387427A46}"
EndProject
Project("{9A19103F-16F7-4668-BE54-9A1E7A4F7556}") = "AppDDD.DAL", "Data\AppDDD.DAL\AppDDD.DAL.csproj", "{78859B1F-0206-4372-8A7D-9EA0D8D1E81F}"
EndProject
Project("{9A19103F-16F7-4668-BE54-9A1E7A4F7556}") = "AppDDD.DAL.MSSQLServer", "Data\AppDDD.DAL.MSSQLServer\AppDDD.DAL.MSSQLServer.csproj", "{854663FA-D74E-4855-9A67-1ED2128F1ACD}"
EndProject
Project("{9A19103F-16F7-4668-BE54-9A1E7A4F7556}") = "AppDDD.DAL.Sqlite", "Data\AppDDD.DAL.Sqlite\AppDDD.DAL.Sqlite.csproj", "{8F71D7EB-887E-41EA-8F5C-A9802532B6A7}"
EndProject
Project("{9A19103F-16F7-4668-BE54-9A1E7A4F7556}") = "AppDDD.Interfaces", "Services\AppDDD.Interfaces\AppDDD.Interfaces.csproj", "{BDA2E48B-B5F5-4042-B3BB-D61607BC153B}"
EndProject
Project("{9A19103F-16F7-4668-BE54-9A1E7A4F7556}") = "AppDDD.Interfaces.Base", "Services\AppDDD.Interfaces.Base\AppDDD.Interfaces.Base.csproj", "{8D047B5E-A531-4DAE-B821-6825C7EB4198}"
EndProject
Project("{9A19103F-16F7-4668-BE54-9A1E7A4F7556}") = "AppDDD.Services", "Services\AppDDD.Services\AppDDD.Services.csproj", "{80B735B8-97FF-47BB-A73A-9BF1FB8EB0BC}"
EndProject
Project("{9A19103F-16F7-4668-BE54-9A1E7A4F7556}") = "AppDDD.WebAPI", "Services\AppDDD.WebAPI\AppDDD.WebAPI.csproj", "{3329E816-8E64-4633-B410-5FAA34698B38}"
EndProject
Project("{9A19103F-16F7-4668-BE54-9A1E7A4F7556}") = "AppDDD.WebAPI.Clients", "Services\AppDDD.WebAPI.Clients\AppDDD.WebAPI.Clients.csproj", "{923794FE-4BE6-4C04-A4E4-5766D04A1859}"
EndProject
Project("{9A19103F-16F7-4668-BE54-9A1E7A4F7556}") = "AppDDD.TestConsole", "Tests\AppDDD.TestConsole\AppDDD.TestConsole.csproj", "{FEFEA47D-D5D9-4B31-B374-CEACA34A3CEE}"
EndProject
Project("{9A19103F-16F7-4668-BE54-9A1E7A4F7556}") = "AppDDD.MVC", "UI\AppDDD.MVC\AppDDD.MVC.csproj", "{AF081496-F1D2-42D6-81E7-5CBF10266C46}"
EndProject
Project("{9A19103F-16F7-4668-BE54-9A1E7A4F7556}") = "AppDDD.WPF", "UI\AppDDD.WPF\AppDDD.WPF.csproj", "{9415229C-69E8-4278-B21A-1A8DECE0D1C5}"
EndProject
Project("{E53339B2-1760-4266-BCC7-CA923CBCF16C}") = "docker-compose", "docker-compose.dcproj", "{1E2EE2E4-B7A2-4080-BF53-DFE77366763A}"
EndProject
Global
	GlobalSection(SolutionConfigurationPlatforms) = preSolution
		Debug|Any CPU = Debug|Any CPU
		Release|Any CPU = Release|Any CPU
	EndGlobalSection
	GlobalSection(ProjectConfigurationPlatforms) = postSolution
		{E581C368-D300-46E3-8E0A-4CFF90E81CA8}.Debug|Any CPU.ActiveCfg = Debug|Any CPU
		{E581C368-D300-46E3-8E0A-4CFF90E81CA8}.Debug|Any CPU.Build.0 = Debug|Any CPU
		{E581C368-D300-46E3-8E0A-4CFF90E81CA8}.Release|Any CPU.ActiveCfg = Release|Any CPU
		{E581C368-D300-46E3-8E0A-4CFF90E81CA8}.Release|Any CPU.Build.0 = Release|Any CPU
		{E0B4B7CE-AB69-4D7B-B8BD-DC0387427A46}.Debug|Any CPU.ActiveCfg = Debug|Any CPU
		{E0B4B7CE-AB69-4D7B-B8BD-DC0387427A46}.Debug|Any CPU.Build.0 = Debug|Any CPU
		{E0B4B7CE-AB69-4D7B-B8BD-DC0387427A46}.Release|Any CPU.ActiveCfg = Release|Any CPU
		{E0B4B7CE-AB69-4D7B-B8BD-DC0387427A46}.Release|Any CPU.Build.0 = Release|Any CPU
		{78859B1F-0206-4372-8A7D-9EA0D8D1E81F}.Debug|Any CPU.ActiveCfg = Debug|Any CPU
		{78859B1F-0206-4372-8A7D-9EA0D8D1E81F}.Debug|Any CPU.Build.0 = Debug|Any CPU
		{78859B1F-0206-4372-8A7D-9EA0D8D1E81F}.Release|Any CPU.ActiveCfg = Release|Any CPU
		{78859B1F-0206-4372-8A7D-9EA0D8D1E81F}.Release|Any CPU.Build.0 = Release|Any CPU
		{854663FA-D74E-4855-9A67-1ED2128F1ACD}.Debug|Any CPU.ActiveCfg = Debug|Any CPU
		{854663FA-D74E-4855-9A67-1ED2128F1ACD}.Debug|Any CPU.Build.0 = Debug|Any CPU
		{854663FA-D74E-4855-9A67-1ED2128F1ACD}.Release|Any CPU.ActiveCfg = Release|Any CPU
		{854663FA-D74E-4855-9A67-1ED2128F1ACD}.Release|Any CPU.Build.0 = Release|Any CPU
		{8F71D7EB-887E-41EA-8F5C-A9802532B6A7}.Debug|Any CPU.ActiveCfg = Debug|Any CPU
		{8F71D7EB-887E-41EA-8F5C-A9802532B6A7}.Debug|Any CPU.Build.0 = Debug|Any CPU
		{8F71D7EB-887E-41EA-8F5C-A9802532B6A7}.Release|Any CPU.ActiveCfg = Release|Any CPU
		{8F71D7EB-887E-41EA-8F5C-A9802532B6A7}.Release|Any CPU.Build.0 = Release|Any CPU
		{BDA2E48B-B5F5-4042-B3BB-D61607BC153B}.Debug|Any CPU.ActiveCfg = Debug|Any CPU
		{BDA2E48B-B5F5-4042-B3BB-D61607BC153B}.Debug|Any CPU.Build.0 = Debug|Any CPU
		{BDA2E48B-B5F5-4042-B3BB-D61607BC153B}.Release|Any CPU.ActiveCfg = Release|Any CPU
		{BDA2E48B-B5F5-4042-B3BB-D61607BC153B}.Release|Any CPU.Build.0 = Release|Any CPU
		{8D047B5E-A531-4DAE-B821-6825C7EB4198}.Debug|Any CPU.ActiveCfg = Debug|Any CPU
		{8D047B5E-A531-4DAE-B821-6825C7EB4198}.Debug|Any CPU.Build.0 = Debug|Any CPU
		{8D047B5E-A531-4DAE-B821-6825C7EB4198}.Release|Any CPU.ActiveCfg = Release|Any CPU
		{8D047B5E-A531-4DAE-B821-6825C7EB4198}.Release|Any CPU.Build.0 = Release|Any CPU
		{80B735B8-97FF-47BB-A73A-9BF1FB8EB0BC}.Debug|Any CPU.ActiveCfg = Debug|Any CPU
		{80B735B8-97FF-47BB-A73A-9BF1FB8EB0BC}.Debug|Any CPU.Build.0 = Debug|Any CPU
		{80B735B8-97FF-47BB-A73A-9BF1FB8EB0BC}.Release|Any CPU.ActiveCfg = Release|Any CPU
		{80B735B8-97FF-47BB-A73A-9BF1FB8EB0BC}.Release|Any CPU.Build.0 = Release|Any CPU
		{3329E816-8E64-4633-B410-5FAA34698B38}.Debug|Any CPU.ActiveCfg = Debug|Any CPU
		{3329E816-8E64-4633-B410-5FAA34698B38}.Debug|Any CPU.Build.0 = Debug|Any CPU
		{3329E816-8E64-4633-B410-5FAA34698B38}.Release|Any CPU.ActiveCfg = Release|Any CPU
		{3329E816-8E64-4633-B410-5FAA34698B38}.Release|Any CPU.Build.0 = Release|Any CPU
		{923794FE-4BE6-4C04-A4E4-5766D04A1859}.Debug|Any CPU.ActiveCfg = Debug|Any CPU
		{923794FE-4BE6-4C04-A4E4-5766D04A1859}.Debug|Any CPU.Build.0 = Debug|Any CPU
		{923794FE-4BE6-4C04-A4E4-5766D04A1859}.Release|Any CPU.ActiveCfg = Release|Any CPU
		{923794FE-4BE6-4C04-A4E4-5766D04A1859}.Release|Any CPU.Build.0 = Release|Any CPU
		{FEFEA47D-D5D9-4B31-B374-CEACA34A3CEE}.Debug|Any CPU.ActiveCfg = Debug|Any CPU
		{FEFEA47D-D5D9-4B31-B374-CEACA34A3CEE}.Debug|Any CPU.Build.0 = Debug|Any CPU
		{FEFEA47D-D5D9-4B31-B374-CEACA34A3CEE}.Release|Any CPU.ActiveCfg = Release|Any CPU
		{FEFEA47D-D5D9-4B31-B374-CEACA34A3CEE}.Release|Any CPU.Build.0 = Release|Any CPU
		{AF081496-F1D2-42D6-81E7-5CBF10266C46}.Debug|Any CPU.ActiveCfg = Debug|Any CPU
		{AF081496-F1D2-42D6-81E7-5CBF10266C46}.Debug|Any CPU.Build.0 = Debug|Any CPU
		{AF081496-F1D2-42D6-81E7-5CBF10266C46}.Release|Any CPU.ActiveCfg = Release|Any CPU
		{AF081496-F1D2-42D6-81E7-5CBF10266C46}.Release|Any CPU.Build.0 = Release|Any CPU
		{9415229C-69E8-4278-B21A-1A8DECE0D1C5}.Debug|Any CPU.ActiveCfg = Debug|Any CPU
		{9415229C-69E8-4278-B21A-1A8DECE0D1C5}.Debug|Any CPU.Build.0 = Debug|Any CPU
		{9415229C-69E8-4278-B21A-1A8DECE0D1C5}.Release|Any CPU.ActiveCfg = Release|Any CPU
		{9415229C-69E8-4278-B21A-1A8DECE0D1C5}.Release|Any CPU.Build.0 = Release|Any CPU
		{1E2EE2E4-B7A2-4080-BF53-DFE77366763A}.Debug|Any CPU.ActiveCfg = Debug|Any CPU
		{1E2EE2E4-B7A2-4080-BF53-DFE77366763A}.Debug|Any CPU.Build.0 = Debug|Any CPU
		{1E2EE2E4-B7A2-4080-BF53-DFE77366763A}.Release|Any CPU.ActiveCfg = Release|Any CPU
		{1E2EE2E4-B7A2-4080-BF53-DFE77366763A}.Release|Any CPU.Build.0 = Release|Any CPU
	EndGlobalSection
	GlobalSection(SolutionProperties) = preSolution
		HideSolutionNode = FALSE
	EndGlobalSection
	GlobalSection(NestedProjects) = preSolution
		{E581C368-D300-46E3-8E0A-4CFF90E81CA8} = {3A0D3273-8AB2-4511-B92E-CD112EAC4DE1}
		{E0B4B7CE-AB69-4D7B-B8BD-DC0387427A46} = {3A0D3273-8AB2-4511-B92E-CD112EAC4DE1}
		{78859B1F-0206-4372-8A7D-9EA0D8D1E81F} = {87DB5C71-F479-48C7-B4FE-F5F0724A410B}
		{854663FA-D74E-4855-9A67-1ED2128F1ACD} = {87DB5C71-F479-48C7-B4FE-F5F0724A410B}
		{8F71D7EB-887E-41EA-8F5C-A9802532B6A7} = {87DB5C71-F479-48C7-B4FE-F5F0724A410B}
		{BDA2E48B-B5F5-4042-B3BB-D61607BC153B} = {0AA582E8-E212-463E-BF87-24DFDB50EDA4}
		{8D047B5E-A531-4DAE-B821-6825C7EB4198} = {0AA582E8-E212-463E-BF87-24DFDB50EDA4}
		{80B735B8-97FF-47BB-A73A-9BF1FB8EB0BC} = {0AA582E8-E212-463E-BF87-24DFDB50EDA4}
		{3329E816-8E64-4633-B410-5FAA34698B38} = {0AA582E8-E212-463E-BF87-24DFDB50EDA4}
		{923794FE-4BE6-4C04-A4E4-5766D04A1859} = {0AA582E8-E212-463E-BF87-24DFDB50EDA4}
		{FEFEA47D-D5D9-4B31-B374-CEACA34A3CEE} = {72A1476C-026E-4994-B2A7-71D55B49E2F5}
		{AF081496-F1D2-42D6-81E7-5CBF10266C46} = {1DA625F9-ABE0-4E53-B438-DE07E83956D2}
		{9415229C-69E8-4278-B21A-1A8DECE0D1C5} = {1DA625F9-ABE0-4E53-B438-DE07E83956D2}
	EndGlobalSection
	GlobalSection(ExtensibilityGlobals) = postSolution
		SolutionGuid = {03364881-C942-4609-8F7A-8BD6BE24B8AD}
	EndGlobalSection
EndGlobal
